
Microsoft Visual Studio Solution File, Format Version 12.00
# Visual Studio Version 17
VisualStudioVersion = 17.3.32929.385
MinimumVisualStudioVersion = 10.0.40219.1
Project("{FAE04EC0-301F-11D3-BF4B-00C04F79EFBC}") = "PrimerProyecto", "PrimerProyecto\PrimerProyecto.csproj", "{DFA813FD-6B29-4F7C-9890-189E9B0876BA}"
EndProject
Global
	GlobalSection(SolutionConfigurationPlatforms) = preSolution
		Debug|Any CPU = Debug|Any CPU
		Release|Any CPU = Release|Any CPU
	EndGlobalSection
	GlobalSection(ProjectConfigurationPlatforms) = postSolution
		{DFA813FD-6B29-4F7C-9890-189E9B0876BA}.Debug|Any CPU.ActiveCfg = Debug|Any CPU
		{DFA813FD-6B29-4F7C-9890-189E9B0876BA}.Debug|Any CPU.Build.0 = Debug|Any CPU
		{DFA813FD-6B29-4F7C-9890-189E9B0876BA}.Release|Any CPU.ActiveCfg = Release|Any CPU
		{DFA813FD-6B29-4F7C-9890-189E9B0876BA}.Release|Any CPU.Build.0 = Release|Any CPU
	EndGlobalSection
	GlobalSection(SolutionProperties) = preSolution
		HideSolutionNode = FALSE
	EndGlobalSection
	GlobalSection(ExtensibilityGlobals) = postSolution
		SolutionGuid = {83423623-63CB-40F6-93FC-07CCBA807FF7}
	EndGlobalSection
EndGlobal
